// !$*UTF8*$!
{
	archiveVersion = 1;
	classes = {
	};
	objectVersion = 50;
	objects = {

/* Begin PBXBuildFile section */
		166815E021E44304004D624C /* SnapKit.framework in Frameworks */ = {isa = PBXBuildFile; fileRef = 166815DF21E44304004D624C /* SnapKit.framework */; };
		8455615A21DFB2AF00A4C470 /* AppDelegate.swift in Sources */ = {isa = PBXBuildFile; fileRef = 8455615921DFB2AF00A4C470 /* AppDelegate.swift */; };
		8455616121DFB2B200A4C470 /* Assets.xcassets in Resources */ = {isa = PBXBuildFile; fileRef = 8455616021DFB2B200A4C470 /* Assets.xcassets */; };
		8455616421DFB2B200A4C470 /* LaunchScreen.storyboard in Resources */ = {isa = PBXBuildFile; fileRef = 8455616221DFB2B200A4C470 /* LaunchScreen.storyboard */; };
		8455616F21DFB2B200A4C470 /* VYImagePickerControllerTests.swift in Sources */ = {isa = PBXBuildFile; fileRef = 8455616E21DFB2B200A4C470 /* VYImagePickerControllerTests.swift */; };
		8455617A21DFB2B200A4C470 /* VYImagePickerControllerUITests.swift in Sources */ = {isa = PBXBuildFile; fileRef = 8455617921DFB2B200A4C470 /* VYImagePickerControllerUITests.swift */; };
		8455618821DFB37E00A4C470 /* UserAlbumListViewController.swift in Sources */ = {isa = PBXBuildFile; fileRef = 8455618721DFB37E00A4C470 /* UserAlbumListViewController.swift */; };
		84CBC64A21F854E30004A332 /* ViewController.swift in Sources */ = {isa = PBXBuildFile; fileRef = 84CBC64921F854E30004A332 /* ViewController.swift */; };
		84CBC64C21F858370004A332 /* UserAllPhotosGridViewController.swift in Sources */ = {isa = PBXBuildFile; fileRef = 84CBC64B21F858370004A332 /* UserAllPhotosGridViewController.swift */; };
		84CBC64E21F86A040004A332 /* EditImageViewController.swift in Sources */ = {isa = PBXBuildFile; fileRef = 84CBC64D21F86A040004A332 /* EditImageViewController.swift */; };
		84CBC65021F98F320004A332 /* VYImagePickerController.swift in Sources */ = {isa = PBXBuildFile; fileRef = 84CBC64F21F98F320004A332 /* VYImagePickerController.swift */; };
		84CBC65221F9A0DB0004A332 /* PhotoGridViewController.swift in Sources */ = {isa = PBXBuildFile; fileRef = 84CBC65121F9A0DB0004A332 /* PhotoGridViewController.swift */; };
/* End PBXBuildFile section */

/* Begin PBXContainerItemProxy section */
		8455616B21DFB2B200A4C470 /* PBXContainerItemProxy */ = {
			isa = PBXContainerItemProxy;
			containerPortal = 8455614E21DFB2AF00A4C470 /* Project object */;
			proxyType = 1;
			remoteGlobalIDString = 8455615521DFB2AF00A4C470;
			remoteInfo = VYImagePickerController;
		};
		8455617621DFB2B200A4C470 /* PBXContainerItemProxy */ = {
			isa = PBXContainerItemProxy;
			containerPortal = 8455614E21DFB2AF00A4C470 /* Project object */;
			proxyType = 1;
			remoteGlobalIDString = 8455615521DFB2AF00A4C470;
			remoteInfo = VYImagePickerController;
		};
/* End PBXContainerItemProxy section */

/* Begin PBXFileReference section */
		166815DF21E44304004D624C /* SnapKit.framework */ = {isa = PBXFileReference; lastKnownFileType = wrapper.framework; name = SnapKit.framework; path = Carthage/Build/iOS/SnapKit.framework; sourceTree = "<group>"; };
		8455615621DFB2AF00A4C470 /* VYImagePickerController.app */ = {isa = PBXFileReference; explicitFileType = wrapper.application; includeInIndex = 0; path = VYImagePickerController.app; sourceTree = BUILT_PRODUCTS_DIR; };
		8455615921DFB2AF00A4C470 /* AppDelegate.swift */ = {isa = PBXFileReference; lastKnownFileType = sourcecode.swift; path = AppDelegate.swift; sourceTree = "<group>"; };
		8455616021DFB2B200A4C470 /* Assets.xcassets */ = {isa = PBXFileReference; lastKnownFileType = folder.assetcatalog; path = Assets.xcassets; sourceTree = "<group>"; };
		8455616321DFB2B200A4C470 /* Base */ = {isa = PBXFileReference; lastKnownFileType = file.storyboard; name = Base; path = Base.lproj/LaunchScreen.storyboard; sourceTree = "<group>"; };
		8455616521DFB2B200A4C470 /* Info.plist */ = {isa = PBXFileReference; lastKnownFileType = text.plist.xml; path = Info.plist; sourceTree = "<group>"; };
		8455616A21DFB2B200A4C470 /* VYImagePickerControllerTests.xctest */ = {isa = PBXFileReference; explicitFileType = wrapper.cfbundle; includeInIndex = 0; path = VYImagePickerControllerTests.xctest; sourceTree = BUILT_PRODUCTS_DIR; };
		8455616E21DFB2B200A4C470 /* VYImagePickerControllerTests.swift */ = {isa = PBXFileReference; lastKnownFileType = sourcecode.swift; path = VYImagePickerControllerTests.swift; sourceTree = "<group>"; };
		8455617021DFB2B200A4C470 /* Info.plist */ = {isa = PBXFileReference; lastKnownFileType = text.plist.xml; path = Info.plist; sourceTree = "<group>"; };
		8455617521DFB2B200A4C470 /* VYImagePickerControllerUITests.xctest */ = {isa = PBXFileReference; explicitFileType = wrapper.cfbundle; includeInIndex = 0; path = VYImagePickerControllerUITests.xctest; sourceTree = BUILT_PRODUCTS_DIR; };
		8455617921DFB2B200A4C470 /* VYImagePickerControllerUITests.swift */ = {isa = PBXFileReference; lastKnownFileType = sourcecode.swift; path = VYImagePickerControllerUITests.swift; sourceTree = "<group>"; };
		8455617B21DFB2B200A4C470 /* Info.plist */ = {isa = PBXFileReference; lastKnownFileType = text.plist.xml; path = Info.plist; sourceTree = "<group>"; };
		8455618721DFB37E00A4C470 /* UserAlbumListViewController.swift */ = {isa = PBXFileReference; lastKnownFileType = sourcecode.swift; path = UserAlbumListViewController.swift; sourceTree = "<group>"; };
		84CBC64921F854E30004A332 /* ViewController.swift */ = {isa = PBXFileReference; lastKnownFileType = sourcecode.swift; path = ViewController.swift; sourceTree = "<group>"; };
		84CBC64B21F858370004A332 /* UserAllPhotosGridViewController.swift */ = {isa = PBXFileReference; lastKnownFileType = sourcecode.swift; path = UserAllPhotosGridViewController.swift; sourceTree = "<group>"; };
		84CBC64D21F86A040004A332 /* EditImageViewController.swift */ = {isa = PBXFileReference; lastKnownFileType = sourcecode.swift; path = EditImageViewController.swift; sourceTree = "<group>"; };
		84CBC64F21F98F320004A332 /* VYImagePickerController.swift */ = {isa = PBXFileReference; lastKnownFileType = sourcecode.swift; path = VYImagePickerController.swift; sourceTree = "<group>"; };
		84CBC65121F9A0DB0004A332 /* PhotoGridViewController.swift */ = {isa = PBXFileReference; lastKnownFileType = sourcecode.swift; path = PhotoGridViewController.swift; sourceTree = "<group>"; };
/* End PBXFileReference section */

/* Begin PBXFrameworksBuildPhase section */
		8455615321DFB2AF00A4C470 /* Frameworks */ = {
			isa = PBXFrameworksBuildPhase;
			buildActionMask = 2147483647;
			files = (
				166815E021E44304004D624C /* SnapKit.framework in Frameworks */,
			);
			runOnlyForDeploymentPostprocessing = 0;
		};
		8455616721DFB2B200A4C470 /* Frameworks */ = {
			isa = PBXFrameworksBuildPhase;
			buildActionMask = 2147483647;
			files = (
			);
			runOnlyForDeploymentPostprocessing = 0;
		};
		8455617221DFB2B200A4C470 /* Frameworks */ = {
			isa = PBXFrameworksBuildPhase;
			buildActionMask = 2147483647;
			files = (
			);
			runOnlyForDeploymentPostprocessing = 0;
		};
/* End PBXFrameworksBuildPhase section */

/* Begin PBXGroup section */
		166815DE21E44304004D624C /* Frameworks */ = {
			isa = PBXGroup;
			children = (
				166815DF21E44304004D624C /* SnapKit.framework */,
			);
			name = Frameworks;
			sourceTree = "<group>";
		};
		8455614D21DFB2AF00A4C470 = {
			isa = PBXGroup;
			children = (
				8455615821DFB2AF00A4C470 /* VYImagePickerController */,
				8455616D21DFB2B200A4C470 /* VYImagePickerControllerTests */,
				8455617821DFB2B200A4C470 /* VYImagePickerControllerUITests */,
				8455615721DFB2AF00A4C470 /* Products */,
				166815DE21E44304004D624C /* Frameworks */,
			);
			sourceTree = "<group>";
		};
		8455615721DFB2AF00A4C470 /* Products */ = {
			isa = PBXGroup;
			children = (
				8455615621DFB2AF00A4C470 /* VYImagePickerController.app */,
				8455616A21DFB2B200A4C470 /* VYImagePickerControllerTests.xctest */,
				8455617521DFB2B200A4C470 /* VYImagePickerControllerUITests.xctest */,
			);
			name = Products;
			sourceTree = "<group>";
		};
		8455615821DFB2AF00A4C470 /* VYImagePickerController */ = {
			isa = PBXGroup;
			children = (
				84CBC64D21F86A040004A332 /* EditImageViewController.swift */,
				8455615921DFB2AF00A4C470 /* AppDelegate.swift */,
				84CBC64921F854E30004A332 /* ViewController.swift */,
				84CBC64B21F858370004A332 /* UserAllPhotosGridViewController.swift */,
				84CBC65121F9A0DB0004A332 /* PhotoGridViewController.swift */,
				84CBC64F21F98F320004A332 /* VYImagePickerController.swift */,
				8455616021DFB2B200A4C470 /* Assets.xcassets */,
				8455616221DFB2B200A4C470 /* LaunchScreen.storyboard */,
				8455616521DFB2B200A4C470 /* Info.plist */,
				8455618721DFB37E00A4C470 /* UserAlbumListViewController.swift */,
			);
			path = VYImagePickerController;
			sourceTree = "<group>";
		};
		8455616D21DFB2B200A4C470 /* VYImagePickerControllerTests */ = {
			isa = PBXGroup;
			children = (
				8455616E21DFB2B200A4C470 /* VYImagePickerControllerTests.swift */,
				8455617021DFB2B200A4C470 /* Info.plist */,
			);
			path = VYImagePickerControllerTests;
			sourceTree = "<group>";
		};
		8455617821DFB2B200A4C470 /* VYImagePickerControllerUITests */ = {
			isa = PBXGroup;
			children = (
				8455617921DFB2B200A4C470 /* VYImagePickerControllerUITests.swift */,
				8455617B21DFB2B200A4C470 /* Info.plist */,
			);
			path = VYImagePickerControllerUITests;
			sourceTree = "<group>";
		};
/* End PBXGroup section */

/* Begin PBXNativeTarget section */
		8455615521DFB2AF00A4C470 /* VYImagePickerController */ = {
			isa = PBXNativeTarget;
			buildConfigurationList = 8455617E21DFB2B200A4C470 /* Build configuration list for PBXNativeTarget "VYImagePickerController" */;
			buildPhases = (
				8455615221DFB2AF00A4C470 /* Sources */,
				8455615321DFB2AF00A4C470 /* Frameworks */,
				8455615421DFB2AF00A4C470 /* Resources */,
				1614690221E04E940003ACCE /* ShellScript */,
			);
			buildRules = (
			);
			dependencies = (
			);
			name = VYImagePickerController;
			productName = VYImagePickerController;
			productReference = 8455615621DFB2AF00A4C470 /* VYImagePickerController.app */;
			productType = "com.apple.product-type.application";
		};
		8455616921DFB2B200A4C470 /* VYImagePickerControllerTests */ = {
			isa = PBXNativeTarget;
			buildConfigurationList = 8455618121DFB2B200A4C470 /* Build configuration list for PBXNativeTarget "VYImagePickerControllerTests" */;
			buildPhases = (
				8455616621DFB2B200A4C470 /* Sources */,
				8455616721DFB2B200A4C470 /* Frameworks */,
				8455616821DFB2B200A4C470 /* Resources */,
			);
			buildRules = (
			);
			dependencies = (
				8455616C21DFB2B200A4C470 /* PBXTargetDependency */,
			);
			name = VYImagePickerControllerTests;
			productName = VYImagePickerControllerTests;
			productReference = 8455616A21DFB2B200A4C470 /* VYImagePickerControllerTests.xctest */;
			productType = "com.apple.product-type.bundle.unit-test";
		};
		8455617421DFB2B200A4C470 /* VYImagePickerControllerUITests */ = {
			isa = PBXNativeTarget;
			buildConfigurationList = 8455618421DFB2B200A4C470 /* Build configuration list for PBXNativeTarget "VYImagePickerControllerUITests" */;
			buildPhases = (
				8455617121DFB2B200A4C470 /* Sources */,
				8455617221DFB2B200A4C470 /* Frameworks */,
				8455617321DFB2B200A4C470 /* Resources */,
			);
			buildRules = (
			);
			dependencies = (
				8455617721DFB2B200A4C470 /* PBXTargetDependency */,
			);
			name = VYImagePickerControllerUITests;
			productName = VYImagePickerControllerUITests;
			productReference = 8455617521DFB2B200A4C470 /* VYImagePickerControllerUITests.xctest */;
			productType = "com.apple.product-type.bundle.ui-testing";
		};
/* End PBXNativeTarget section */

/* Begin PBXProject section */
		8455614E21DFB2AF00A4C470 /* Project object */ = {
			isa = PBXProject;
			attributes = {
				LastSwiftUpdateCheck = 1010;
				LastUpgradeCheck = 1010;
				ORGANIZATIONNAME = "Vincent Yang";
				TargetAttributes = {
					8455615521DFB2AF00A4C470 = {
						CreatedOnToolsVersion = 10.1;
					};
					8455616921DFB2B200A4C470 = {
						CreatedOnToolsVersion = 10.1;
						TestTargetID = 8455615521DFB2AF00A4C470;
					};
					8455617421DFB2B200A4C470 = {
						CreatedOnToolsVersion = 10.1;
						TestTargetID = 8455615521DFB2AF00A4C470;
					};
				};
			};
			buildConfigurationList = 8455615121DFB2AF00A4C470 /* Build configuration list for PBXProject "VYImagePickerController" */;
			compatibilityVersion = "Xcode 9.3";
			developmentRegion = en;
			hasScannedForEncodings = 0;
			knownRegions = (
				en,
				Base,
			);
			mainGroup = 8455614D21DFB2AF00A4C470;
			productRefGroup = 8455615721DFB2AF00A4C470 /* Products */;
			projectDirPath = "";
			projectRoot = "";
			targets = (
				8455615521DFB2AF00A4C470 /* VYImagePickerController */,
				8455616921DFB2B200A4C470 /* VYImagePickerControllerTests */,
				8455617421DFB2B200A4C470 /* VYImagePickerControllerUITests */,
			);
		};
/* End PBXProject section */

/* Begin PBXResourcesBuildPhase section */
		8455615421DFB2AF00A4C470 /* Resources */ = {
			isa = PBXResourcesBuildPhase;
			buildActionMask = 2147483647;
			files = (
				8455616421DFB2B200A4C470 /* LaunchScreen.storyboard in Resources */,
				8455616121DFB2B200A4C470 /* Assets.xcassets in Resources */,
			);
			runOnlyForDeploymentPostprocessing = 0;
		};
		8455616821DFB2B200A4C470 /* Resources */ = {
			isa = PBXResourcesBuildPhase;
			buildActionMask = 2147483647;
			files = (
			);
			runOnlyForDeploymentPostprocessing = 0;
		};
		8455617321DFB2B200A4C470 /* Resources */ = {
			isa = PBXResourcesBuildPhase;
			buildActionMask = 2147483647;
			files = (
			);
			runOnlyForDeploymentPostprocessing = 0;
		};
/* End PBXResourcesBuildPhase section */

/* Begin PBXShellScriptBuildPhase section */
		1614690221E04E940003ACCE /* ShellScript */ = {
			isa = PBXShellScriptBuildPhase;
			buildActionMask = 2147483647;
			files = (
			);
			inputFileListPaths = (
			);
			inputPaths = (
				"$(SRCROOT)/Carthage/Build/iOS/SnapKit.framework",
			);
			outputFileListPaths = (
			);
			outputPaths = (
				"$(BUILT_PRODUCTS_DIR)/$(FRAMEWORKS_FOLDER_PATH)/SnapKit.framework",
			);
			runOnlyForDeploymentPostprocessing = 0;
			shellPath = /bin/sh;
			shellScript = "/usr/local/bin/carthage copy-frameworks\n";
		};
/* End PBXShellScriptBuildPhase section */

/* Begin PBXSourcesBuildPhase section */
		8455615221DFB2AF00A4C470 /* Sources */ = {
			isa = PBXSourcesBuildPhase;
			buildActionMask = 2147483647;
			files = (
				84CBC64A21F854E30004A332 /* ViewController.swift in Sources */,
				8455615A21DFB2AF00A4C470 /* AppDelegate.swift in Sources */,
				84CBC64C21F858370004A332 /* UserAllPhotosGridViewController.swift in Sources */,
				84CBC64E21F86A040004A332 /* EditImageViewController.swift in Sources */,
				84CBC65021F98F320004A332 /* VYImagePickerController.swift in Sources */,
				84CBC65221F9A0DB0004A332 /* PhotoGridViewController.swift in Sources */,
				8455618821DFB37E00A4C470 /* UserAlbumListViewController.swift in Sources */,
			);
			runOnlyForDeploymentPostprocessing = 0;
		};
		8455616621DFB2B200A4C470 /* Sources */ = {
			isa = PBXSourcesBuildPhase;
			buildActionMask = 2147483647;
			files = (
				8455616F21DFB2B200A4C470 /* VYImagePickerControllerTests.swift in Sources */,
			);
			runOnlyForDeploymentPostprocessing = 0;
		};
		8455617121DFB2B200A4C470 /* Sources */ = {
			isa = PBXSourcesBuildPhase;
			buildActionMask = 2147483647;
			files = (
				8455617A21DFB2B200A4C470 /* VYImagePickerControllerUITests.swift in Sources */,
			);
			runOnlyForDeploymentPostprocessing = 0;
		};
/* End PBXSourcesBuildPhase section */

/* Begin PBXTargetDependency section */
		8455616C21DFB2B200A4C470 /* PBXTargetDependency */ = {
			isa = PBXTargetDependency;
			target = 8455615521DFB2AF00A4C470 /* VYImagePickerController */;
			targetProxy = 8455616B21DFB2B200A4C470 /* PBXContainerItemProxy */;
		};
		8455617721DFB2B200A4C470 /* PBXTargetDependency */ = {
			isa = PBXTargetDependency;
			target = 8455615521DFB2AF00A4C470 /* VYImagePickerController */;
			targetProxy = 8455617621DFB2B200A4C470 /* PBXContainerItemProxy */;
		};
/* End PBXTargetDependency section */

/* Begin PBXVariantGroup section */
		8455616221DFB2B200A4C470 /* LaunchScreen.storyboard */ = {
			isa = PBXVariantGroup;
			children = (
				8455616321DFB2B200A4C470 /* Base */,
			);
			name = LaunchScreen.storyboard;
			sourceTree = "<group>";
		};
/* End PBXVariantGroup section */

/* Begin XCBuildConfiguration section */
		8455617C21DFB2B200A4C470 /* Debug */ = {
			isa = XCBuildConfiguration;
			buildSettings = {
				ALWAYS_SEARCH_USER_PATHS = NO;
				CLANG_ANALYZER_NONNULL = YES;
				CLANG_ANALYZER_NUMBER_OBJECT_CONVERSION = YES_AGGRESSIVE;
				CLANG_CXX_LANGUAGE_STANDARD = "gnu++14";
				CLANG_CXX_LIBRARY = "libc++";
				CLANG_ENABLE_MODULES = YES;
				CLANG_ENABLE_OBJC_ARC = YES;
				CLANG_ENABLE_OBJC_WEAK = YES;
				CLANG_WARN_BLOCK_CAPTURE_AUTORELEASING = YES;
				CLANG_WARN_BOOL_CONVERSION = YES;
				CLANG_WARN_COMMA = YES;
				CLANG_WARN_CONSTANT_CONVERSION = YES;
				CLANG_WARN_DEPRECATED_OBJC_IMPLEMENTATIONS = YES;
				CLANG_WARN_DIRECT_OBJC_ISA_USAGE = YES_ERROR;
				CLANG_WARN_DOCUMENTATION_COMMENTS = YES;
				CLANG_WARN_EMPTY_BODY = YES;
				CLANG_WARN_ENUM_CONVERSION = YES;
				CLANG_WARN_INFINITE_RECURSION = YES;
				CLANG_WARN_INT_CONVERSION = YES;
				CLANG_WARN_NON_LITERAL_NULL_CONVERSION = YES;
				CLANG_WARN_OBJC_IMPLICIT_RETAIN_SELF = YES;
				CLANG_WARN_OBJC_LITERAL_CONVERSION = YES;
				CLANG_WARN_OBJC_ROOT_CLASS = YES_ERROR;
				CLANG_WARN_RANGE_LOOP_ANALYSIS = YES;
				CLANG_WARN_STRICT_PROTOTYPES = YES;
				CLANG_WARN_SUSPICIOUS_MOVE = YES;
				CLANG_WARN_UNGUARDED_AVAILABILITY = YES_AGGRESSIVE;
				CLANG_WARN_UNREACHABLE_CODE = YES;
				CLANG_WARN__DUPLICATE_METHOD_MATCH = YES;
				CODE_SIGN_IDENTITY = "iPhone Developer";
				COPY_PHASE_STRIP = NO;
				DEBUG_INFORMATION_FORMAT = dwarf;
				ENABLE_STRICT_OBJC_MSGSEND = YES;
				ENABLE_TESTABILITY = YES;
				GCC_C_LANGUAGE_STANDARD = gnu11;
				GCC_DYNAMIC_NO_PIC = NO;
				GCC_NO_COMMON_BLOCKS = YES;
				GCC_OPTIMIZATION_LEVEL = 0;
				GCC_PREPROCESSOR_DEFINITIONS = (
					"DEBUG=1",
					"$(inherited)",
				);
				GCC_WARN_64_TO_32_BIT_CONVERSION = YES;
				GCC_WARN_ABOUT_RETURN_TYPE = YES_ERROR;
				GCC_WARN_UNDECLARED_SELECTOR = YES;
				GCC_WARN_UNINITIALIZED_AUTOS = YES_AGGRESSIVE;
				GCC_WARN_UNUSED_FUNCTION = YES;
				GCC_WARN_UNUSED_VARIABLE = YES;
				IPHONEOS_DEPLOYMENT_TARGET = 12.1;
				MTL_ENABLE_DEBUG_INFO = INCLUDE_SOURCE;
				MTL_FAST_MATH = YES;
				ONLY_ACTIVE_ARCH = YES;
				SDKROOT = iphoneos;
				SWIFT_ACTIVE_COMPILATION_CONDITIONS = DEBUG;
				SWIFT_OPTIMIZATION_LEVEL = "-Onone";
			};
			name = Debug;
		};
		8455617D21DFB2B200A4C470 /* Release */ = {
			isa = XCBuildConfiguration;
			buildSettings = {
				ALWAYS_SEARCH_USER_PATHS = NO;
				CLANG_ANALYZER_NONNULL = YES;
				CLANG_ANALYZER_NUMBER_OBJECT_CONVERSION = YES_AGGRESSIVE;
				CLANG_CXX_LANGUAGE_STANDARD = "gnu++14";
				CLANG_CXX_LIBRARY = "libc++";
				CLANG_ENABLE_MODULES = YES;
				CLANG_ENABLE_OBJC_ARC = YES;
				CLANG_ENABLE_OBJC_WEAK = YES;
				CLANG_WARN_BLOCK_CAPTURE_AUTORELEASING = YES;
				CLANG_WARN_BOOL_CONVERSION = YES;
				CLANG_WARN_COMMA = YES;
				CLANG_WARN_CONSTANT_CONVERSION = YES;
				CLANG_WARN_DEPRECATED_OBJC_IMPLEMENTATIONS = YES;
				CLANG_WARN_DIRECT_OBJC_ISA_USAGE = YES_ERROR;
				CLANG_WARN_DOCUMENTATION_COMMENTS = YES;
				CLANG_WARN_EMPTY_BODY = YES;
				CLANG_WARN_ENUM_CONVERSION = YES;
				CLANG_WARN_INFINITE_RECURSION = YES;
				CLANG_WARN_INT_CONVERSION = YES;
				CLANG_WARN_NON_LITERAL_NULL_CONVERSION = YES;
				CLANG_WARN_OBJC_IMPLICIT_RETAIN_SELF = YES;
				CLANG_WARN_OBJC_LITERAL_CONVERSION = YES;
				CLANG_WARN_OBJC_ROOT_CLASS = YES_ERROR;
				CLANG_WARN_RANGE_LOOP_ANALYSIS = YES;
				CLANG_WARN_STRICT_PROTOTYPES = YES;
				CLANG_WARN_SUSPICIOUS_MOVE = YES;
				CLANG_WARN_UNGUARDED_AVAILABILITY = YES_AGGRESSIVE;
				CLANG_WARN_UNREACHABLE_CODE = YES;
				CLANG_WARN__DUPLICATE_METHOD_MATCH = YES;
				CODE_SIGN_IDENTITY = "iPhone Developer";
				COPY_PHASE_STRIP = NO;
				DEBUG_INFORMATION_FORMAT = "dwarf-with-dsym";
				ENABLE_NS_ASSERTIONS = NO;
				ENABLE_STRICT_OBJC_MSGSEND = YES;
				GCC_C_LANGUAGE_STANDARD = gnu11;
				GCC_NO_COMMON_BLOCKS = YES;
				GCC_WARN_64_TO_32_BIT_CONVERSION = YES;
				GCC_WARN_ABOUT_RETURN_TYPE = YES_ERROR;
				GCC_WARN_UNDECLARED_SELECTOR = YES;
				GCC_WARN_UNINITIALIZED_AUTOS = YES_AGGRESSIVE;
				GCC_WARN_UNUSED_FUNCTION = YES;
				GCC_WARN_UNUSED_VARIABLE = YES;
				IPHONEOS_DEPLOYMENT_TARGET = 12.1;
				MTL_ENABLE_DEBUG_INFO = NO;
				MTL_FAST_MATH = YES;
				SDKROOT = iphoneos;
				SWIFT_COMPILATION_MODE = wholemodule;
				SWIFT_OPTIMIZATION_LEVEL = "-O";
				VALIDATE_PRODUCT = YES;
			};
			name = Release;
		};
		8455617F21DFB2B200A4C470 /* Debug */ = {
			isa = XCBuildConfiguration;
			buildSettings = {
				ASSETCATALOG_COMPILER_APPICON_NAME = AppIcon;
				CODE_SIGN_STYLE = Automatic;
				DEVELOPMENT_TEAM = Q793WSNR3H;
				FRAMEWORK_SEARCH_PATHS = (
					"$(inherited)",
					"$(PROJECT_DIR)/Carthage/Build/iOS",
				);
				INFOPLIST_FILE = VYImagePickerController/Info.plist;
				IPHONEOS_DEPLOYMENT_TARGET = 11.0;
				LD_RUNPATH_SEARCH_PATHS = (
					"$(inherited)",
					"@executable_path/Frameworks",
				);
				PRODUCT_BUNDLE_IDENTIFIER = com.yang.vincent.VYImagePickerController;
				PRODUCT_NAME = "$(TARGET_NAME)";
				SWIFT_VERSION = 4.2;
				TARGETED_DEVICE_FAMILY = 1;
			};
			name = Debug;
		};
		8455618021DFB2B200A4C470 /* Release */ = {
			isa = XCBuildConfiguration;
			buildSettings = {
				ASSETCATALOG_COMPILER_APPICON_NAME = AppIcon;
				CODE_SIGN_STYLE = Automatic;
				DEVELOPMENT_TEAM = Q793WSNR3H;
				FRAMEWORK_SEARCH_PATHS = (
					"$(inherited)",
					"$(PROJECT_DIR)/Carthage/Build/iOS",
				);
				INFOPLIST_FILE = VYImagePickerController/Info.plist;
				IPHONEOS_DEPLOYMENT_TARGET = 11.0;
				LD_RUNPATH_SEARCH_PATHS = (
					"$(inherited)",
					"@executable_path/Frameworks",
				);
				PRODUCT_BUNDLE_IDENTIFIER = com.yang.vincent.VYImagePickerController;
				PRODUCT_NAME = "$(TARGET_NAME)";
				SWIFT_VERSION = 4.2;
				TARGETED_DEVICE_FAMILY = 1;
			};
			name = Release;
		};
		8455618221DFB2B200A4C470 /* Debug */ = {
			isa = XCBuildConfiguration;
			buildSettings = {
				ALWAYS_EMBED_SWIFT_STANDARD_LIBRARIES = YES;
				BUNDLE_LOADER = "$(TEST_HOST)";
				CODE_SIGN_STYLE = Automatic;
				DEVELOPMENT_TEAM = Q793WSNR3H;
				INFOPLIST_FILE = VYImagePickerControllerTests/Info.plist;
				LD_RUNPATH_SEARCH_PATHS = (
					"$(inherited)",
					"@executable_path/Frameworks",
					"@loader_path/Frameworks",
				);
				PRODUCT_BUNDLE_IDENTIFIER = com.yang.vincent.VYImagePickerControllerTests;
				PRODUCT_NAME = "$(TARGET_NAME)";
				SWIFT_VERSION = 4.2;
				TARGETED_DEVICE_FAMILY = "1,2";
				TEST_HOST = "$(BUILT_PRODUCTS_DIR)/VYImagePickerController.app/VYImagePickerController";
			};
			name = Debug;
		};
		8455618321DFB2B200A4C470 /* Release */ = {
			isa = XCBuildConfiguration;
			buildSettings = {
				ALWAYS_EMBED_SWIFT_STANDARD_LIBRARIES = YES;
				BUNDLE_LOADER = "$(TEST_HOST)";
				CODE_SIGN_STYLE = Automatic;
				DEVELOPMENT_TEAM = Q793WSNR3H;
				INFOPLIST_FILE = VYImagePickerControllerTests/Info.plist;
				LD_RUNPATH_SEARCH_PATHS = (
					"$(inherited)",
					"@executable_path/Frameworks",
					"@loader_path/Frameworks",
				);
				PRODUCT_BUNDLE_IDENTIFIER = com.yang.vincent.VYImagePickerControllerTests;
				PRODUCT_NAME = "$(TARGET_NAME)";
				SWIFT_VERSION = 4.2;
				TARGETED_DEVICE_FAMILY = "1,2";
				TEST_HOST = "$(BUILT_PRODUCTS_DIR)/VYImagePickerController.app/VYImagePickerController";
			};
			name = Release;
		};
		8455618521DFB2B200A4C470 /* Debug */ = {
			isa = XCBuildConfiguration;
			buildSettings = {
				ALWAYS_EMBED_SWIFT_STANDARD_LIBRARIES = YES;
				CODE_SIGN_STYLE = Automatic;
				DEVELOPMENT_TEAM = Q793WSNR3H;
				INFOPLIST_FILE = VYImagePickerControllerUITests/Info.plist;
				LD_RUNPATH_SEARCH_PATHS = (
					"$(inherited)",
					"@executable_path/Frameworks",
					"@loader_path/Frameworks",
				);
				PRODUCT_BUNDLE_IDENTIFIER = com.yang.vincent.VYImagePickerControllerUITests;
				PRODUCT_NAME = "$(TARGET_NAME)";
				SWIFT_VERSION = 4.2;
				TARGETED_DEVICE_FAMILY = "1,2";
				TEST_TARGET_NAME = VYImagePickerController;
			};
			name = Debug;
		};
		8455618621DFB2B200A4C470 /* Release */ = {
			isa = XCBuildConfiguration;
			buildSettings = {
				ALWAYS_EMBED_SWIFT_STANDARD_LIBRARIES = YES;
				CODE_SIGN_STYLE = Automatic;
				DEVELOPMENT_TEAM = Q793WSNR3H;
				INFOPLIST_FILE = VYImagePickerControllerUITests/Info.plist;
				LD_RUNPATH_SEARCH_PATHS = (
					"$(inherited)",
					"@executable_path/Frameworks",
					"@loader_path/Frameworks",
				);
				PRODUCT_BUNDLE_IDENTIFIER = com.yang.vincent.VYImagePickerControllerUITests;
				PRODUCT_NAME = "$(TARGET_NAME)";
				SWIFT_VERSION = 4.2;
				TARGETED_DEVICE_FAMILY = "1,2";
				TEST_TARGET_NAME = VYImagePickerController;
			};
			name = Release;
		};
/* End XCBuildConfiguration section */

/* Begin XCConfigurationList section */
		8455615121DFB2AF00A4C470 /* Build configuration list for PBXProject "VYImagePickerController" */ = {
			isa = XCConfigurationList;
			buildConfigurations = (
				8455617C21DFB2B200A4C470 /* Debug */,
				8455617D21DFB2B200A4C470 /* Release */,
			);
			defaultConfigurationIsVisible = 0;
			defaultConfigurationName = Release;
		};
		8455617E21DFB2B200A4C470 /* Build configuration list for PBXNativeTarget "VYImagePickerController" */ = {
			isa = XCConfigurationList;
			buildConfigurations = (
				8455617F21DFB2B200A4C470 /* Debug */,
				8455618021DFB2B200A4C470 /* Release */,
			);
			defaultConfigurationIsVisible = 0;
			defaultConfigurationName = Release;
		};
		8455618121DFB2B200A4C470 /* Build configuration list for PBXNativeTarget "VYImagePickerControllerTests" */ = {
			isa = XCConfigurationList;
			buildConfigurations = (
				8455618221DFB2B200A4C470 /* Debug */,
				8455618321DFB2B200A4C470 /* Release */,
			);
			defaultConfigurationIsVisible = 0;
			defaultConfigurationName = Release;
		};
		8455618421DFB2B200A4C470 /* Build configuration list for PBXNativeTarget "VYImagePickerControllerUITests" */ = {
			isa = XCConfigurationList;
			buildConfigurations = (
				8455618521DFB2B200A4C470 /* Debug */,
				8455618621DFB2B200A4C470 /* Release */,
			);
			defaultConfigurationIsVisible = 0;
			defaultConfigurationName = Release;
		};
/* End XCConfigurationList section */
	};
	rootObject = 8455614E21DFB2AF00A4C470 /* Project object */;
}
